// !$*UTF8*$!
{
	archiveVersion = 1;
	classes = {
	};
	objectVersion = 48;
	objects = {

/* Begin PBXBuildFile section */
		14384CE4203A405600F4F475 /* AppDelegate.swift in Sources */ = {isa = PBXBuildFile; fileRef = 14384CE3203A405600F4F475 /* AppDelegate.swift */; };
		14384CE6203A405600F4F475 /* ViewController.swift in Sources */ = {isa = PBXBuildFile; fileRef = 14384CE5203A405600F4F475 /* ViewController.swift */; };
		14384CE9203A405600F4F475 /* Main.storyboard in Resources */ = {isa = PBXBuildFile; fileRef = 14384CE7203A405600F4F475 /* Main.storyboard */; };
		14384CEB203A405600F4F475 /* Assets.xcassets in Resources */ = {isa = PBXBuildFile; fileRef = 14384CEA203A405600F4F475 /* Assets.xcassets */; };
		14384CEE203A405600F4F475 /* LaunchScreen.storyboard in Resources */ = {isa = PBXBuildFile; fileRef = 14384CEC203A405600F4F475 /* LaunchScreen.storyboard */; };
		14384CFB203A486F00F4F475 /* Capturer.m in Sources */ = {isa = PBXBuildFile; fileRef = 14384CFA203A486F00F4F475 /* Capturer.m */; };
/* End PBXBuildFile section */

/* Begin PBXFileReference section */
		14384CE0203A405600F4F475 /* Camera+IOSurfaceCapture.app */ = {isa = PBXFileReference; explicitFileType = wrapper.application; includeInIndex = 0; path = "Camera+IOSurfaceCapture.app"; sourceTree = BUILT_PRODUCTS_DIR; };
		14384CE3203A405600F4F475 /* AppDelegate.swift */ = {isa = PBXFileReference; lastKnownFileType = sourcecode.swift; path = AppDelegate.swift; sourceTree = "<group>"; };
		14384CE5203A405600F4F475 /* ViewController.swift */ = {isa = PBXFileReference; lastKnownFileType = sourcecode.swift; path = ViewController.swift; sourceTree = "<group>"; };
		14384CE8203A405600F4F475 /* Base */ = {isa = PBXFileReference; lastKnownFileType = file.storyboard; name = Base; path = Base.lproj/Main.storyboard; sourceTree = "<group>"; };
		14384CEA203A405600F4F475 /* Assets.xcassets */ = {isa = PBXFileReference; lastKnownFileType = folder.assetcatalog; path = Assets.xcassets; sourceTree = "<group>"; };
		14384CED203A405600F4F475 /* Base */ = {isa = PBXFileReference; lastKnownFileType = file.storyboard; name = Base; path = Base.lproj/LaunchScreen.storyboard; sourceTree = "<group>"; };
		14384CEF203A405600F4F475 /* Info.plist */ = {isa = PBXFileReference; lastKnownFileType = text.plist.xml; path = Info.plist; sourceTree = "<group>"; };
		14384CF5203A454600F4F475 /* Camera+IOSurfaceCapture-Bridging-Header.h */ = {isa = PBXFileReference; lastKnownFileType = sourcecode.c.h; path = "Camera+IOSurfaceCapture-Bridging-Header.h"; sourceTree = "<group>"; };
		14384CF9203A486F00F4F475 /* Capturer.h */ = {isa = PBXFileReference; lastKnownFileType = sourcecode.c.h; path = Capturer.h; sourceTree = "<group>"; };
		14384CFA203A486F00F4F475 /* Capturer.m */ = {isa = PBXFileReference; lastKnownFileType = sourcecode.c.objc; path = Capturer.m; sourceTree = "<group>"; };
/* End PBXFileReference section */

/* Begin PBXFrameworksBuildPhase section */
		14384CDD203A405600F4F475 /* Frameworks */ = {
			isa = PBXFrameworksBuildPhase;
			buildActionMask = 2147483647;
			files = (
			);
			runOnlyForDeploymentPostprocessing = 0;
		};
/* End PBXFrameworksBuildPhase section */

/* Begin PBXGroup section */
		14384CD7203A405600F4F475 = {
			isa = PBXGroup;
			children = (
				14384CE2203A405600F4F475 /* Camera+IOSurfaceCapture */,
				14384CE1203A405600F4F475 /* Products */,
			);
			sourceTree = "<group>";
		};
		14384CE1203A405600F4F475 /* Products */ = {
			isa = PBXGroup;
			children = (
				14384CE0203A405600F4F475 /* Camera+IOSurfaceCapture.app */,
			);
			name = Products;
			sourceTree = "<group>";
		};
		14384CE2203A405600F4F475 /* Camera+IOSurfaceCapture */ = {
			isa = PBXGroup;
			children = (
				14384CE3203A405600F4F475 /* AppDelegate.swift */,
				14384CE5203A405600F4F475 /* ViewController.swift */,
				14384CE7203A405600F4F475 /* Main.storyboard */,
				14384CEA203A405600F4F475 /* Assets.xcassets */,
				14384CEC203A405600F4F475 /* LaunchScreen.storyboard */,
				14384CEF203A405600F4F475 /* Info.plist */,
				14384CF5203A454600F4F475 /* Camera+IOSurfaceCapture-Bridging-Header.h */,
				14384CF9203A486F00F4F475 /* Capturer.h */,
				14384CFA203A486F00F4F475 /* Capturer.m */,
			);
			path = "Camera+IOSurfaceCapture";
			sourceTree = "<group>";
		};
/* End PBXGroup section */

/* Begin PBXNativeTarget section */
		14384CDF203A405600F4F475 /* Camera+IOSurfaceCapture */ = {
			isa = PBXNativeTarget;
			buildConfigurationList = 14384CF2203A405600F4F475 /* Build configuration list for PBXNativeTarget "Camera+IOSurfaceCapture" */;
			buildPhases = (
				14384CDC203A405600F4F475 /* Sources */,
				14384CDD203A405600F4F475 /* Frameworks */,
				14384CDE203A405600F4F475 /* Resources */,
			);
			buildRules = (
			);
			dependencies = (
			);
			name = "Camera+IOSurfaceCapture";
			productName = "Camera+IOSurfaceCapture";
			productReference = 14384CE0203A405600F4F475 /* Camera+IOSurfaceCapture.app */;
			productType = "com.apple.product-type.application";
		};
/* End PBXNativeTarget section */

/* Begin PBXProject section */
		14384CD8203A405600F4F475 /* Project object */ = {
			isa = PBXProject;
			attributes = {
				LastSwiftUpdateCheck = 0920;
				LastUpgradeCheck = 0920;
				ORGANIZATIONNAME = "Andrew Finke";
				TargetAttributes = {
					14384CDF203A405600F4F475 = {
						CreatedOnToolsVersion = 9.2;
						LastSwiftMigration = 0920;
						ProvisioningStyle = Automatic;
					};
				};
			};
			buildConfigurationList = 14384CDB203A405600F4F475 /* Build configuration list for PBXProject "Camera+IOSurfaceCapture" */;
			compatibilityVersion = "Xcode 8.0";
			developmentRegion = en;
			hasScannedForEncodings = 0;
			knownRegions = (
				en,
				Base,
			);
			mainGroup = 14384CD7203A405600F4F475;
			productRefGroup = 14384CE1203A405600F4F475 /* Products */;
			projectDirPath = "";
			projectRoot = "";
			targets = (
				14384CDF203A405600F4F475 /* Camera+IOSurfaceCapture */,
			);
		};
/* End PBXProject section */

/* Begin PBXResourcesBuildPhase section */
		14384CDE203A405600F4F475 /* Resources */ = {
			isa = PBXResourcesBuildPhase;
			buildActionMask = 2147483647;
			files = (
				14384CEE203A405600F4F475 /* LaunchScreen.storyboard in Resources */,
				14384CEB203A405600F4F475 /* Assets.xcassets in Resources */,
				14384CE9203A405600F4F475 /* Main.storyboard in Resources */,
			);
			runOnlyForDeploymentPostprocessing = 0;
		};
/* End PBXResourcesBuildPhase section */

/* Begin PBXSourcesBuildPhase section */
		14384CDC203A405600F4F475 /* Sources */ = {
			isa = PBXSourcesBuildPhase;
			buildActionMask = 2147483647;
			files = (
				14384CE6203A405600F4F475 /* ViewController.swift in Sources */,
				14384CE4203A405600F4F475 /* AppDelegate.swift in Sources */,
				14384CFB203A486F00F4F475 /* Capturer.m in Sources */,
			);
			runOnlyForDeploymentPostprocessing = 0;
		};
/* End PBXSourcesBuildPhase section */

/* Begin PBXVariantGroup section */
		14384CE7203A405600F4F475 /* Main.storyboard */ = {
			isa = PBXVariantGroup;
			children = (
				14384CE8203A405600F4F475 /* Base */,
			);
			name = Main.storyboard;
			sourceTree = "<group>";
		};
		14384CEC203A405600F4F475 /* LaunchScreen.storyboard */ = {
			isa = PBXVariantGroup;
			children = (
				14384CED203A405600F4F475 /* Base */,
			);
			name = LaunchScreen.storyboard;
			sourceTree = "<group>";
		};
/* End PBXVariantGroup section */

/* Begin XCBuildConfiguration section */
		14384CF0203A405600F4F475 /* Debug */ = {
			isa = XCBuildConfiguration;
			buildSettings = {
				ALWAYS_SEARCH_USER_PATHS = NO;
				CLANG_ANALYZER_NONNULL = YES;
				CLANG_ANALYZER_NUMBER_OBJECT_CONVERSION = YES_AGGRESSIVE;
				CLANG_CXX_LANGUAGE_STANDARD = "gnu++14";
				CLANG_CXX_LIBRARY = "libc++";
				CLANG_ENABLE_MODULES = YES;
				CLANG_ENABLE_OBJC_ARC = YES;
				CLANG_WARN_BLOCK_CAPTURE_AUTORELEASING = YES;
				CLANG_WARN_BOOL_CONVERSION = YES;
				CLANG_WARN_COMMA = YES;
				CLANG_WARN_CONSTANT_CONVERSION = YES;
				CLANG_WARN_DIRECT_OBJC_ISA_USAGE = YES_ERROR;
				CLANG_WARN_DOCUMENTATION_COMMENTS = YES;
				CLANG_WARN_EMPTY_BODY = YES;
				CLANG_WARN_ENUM_CONVERSION = YES;
				CLANG_WARN_INFINITE_RECURSION = YES;
				CLANG_WARN_INT_CONVERSION = YES;
				CLANG_WARN_NON_LITERAL_NULL_CONVERSION = YES;
				CLANG_WARN_OBJC_LITERAL_CONVERSION = YES;
				CLANG_WARN_OBJC_ROOT_CLASS = YES_ERROR;
				CLANG_WARN_RANGE_LOOP_ANALYSIS = YES;
				CLANG_WARN_STRICT_PROTOTYPES = YES;
				CLANG_WARN_SUSPICIOUS_MOVE = YES;
				CLANG_WARN_UNGUARDED_AVAILABILITY = YES_AGGRESSIVE;
				CLANG_WARN_UNREACHABLE_CODE = YES;
				CLANG_WARN__DUPLICATE_METHOD_MATCH = YES;
				CODE_SIGN_IDENTITY = "iPhone Developer";
				COPY_PHASE_STRIP = NO;
				DEBUG_INFORMATION_FORMAT = dwarf;
				ENABLE_STRICT_OBJC_MSGSEND = YES;
				ENABLE_TESTABILITY = YES;
				GCC_C_LANGUAGE_STANDARD = gnu11;
				GCC_DYNAMIC_NO_PIC = NO;
				GCC_NO_COMMON_BLOCKS = YES;
				GCC_OPTIMIZATION_LEVEL = 0;
				GCC_PREPROCESSOR_DEFINITIONS = (
					"DEBUG=1",
					"$(inherited)",
				);
				GCC_WARN_64_TO_32_BIT_CONVERSION = YES;
				GCC_WARN_ABOUT_RETURN_TYPE = YES_ERROR;
				GCC_WARN_UNDECLARED_SELECTOR = YES;
				GCC_WARN_UNINITIALIZED_AUTOS = YES_AGGRESSIVE;
				GCC_WARN_UNUSED_FUNCTION = YES;
				GCC_WARN_UNUSED_VARIABLE = YES;
				IPHONEOS_DEPLOYMENT_TARGET = 11.2;
				MTL_ENABLE_DEBUG_INFO = YES;
				ONLY_ACTIVE_ARCH = YES;
				SDKROOT = iphoneos;
				SWIFT_ACTIVE_COMPILATION_CONDITIONS = DEBUG;
				SWIFT_OPTIMIZATION_LEVEL = "-Onone";
			};
			name = Debug;
		};
		14384CF1203A405600F4F475 /* Release */ = {
			isa = XCBuildConfiguration;
			buildSettings = {
				ALWAYS_SEARCH_USER_PATHS = NO;
				CLANG_ANALYZER_NONNULL = YES;
				CLANG_ANALYZER_NUMBER_OBJECT_CONVERSION = YES_AGGRESSIVE;
				CLANG_CXX_LANGUAGE_STANDARD = "gnu++14";
				CLANG_CXX_LIBRARY = "libc++";
				CLANG_ENABLE_MODULES = YES;
				CLANG_ENABLE_OBJC_ARC = YES;
				CLANG_WARN_BLOCK_CAPTURE_AUTORELEASING = YES;
				CLANG_WARN_BOOL_CONVERSION = YES;
				CLANG_WARN_COMMA = YES;
				CLANG_WARN_CONSTANT_CONVERSION = YES;
				CLANG_WARN_DIRECT_OBJC_ISA_USAGE = YES_ERROR;
				CLANG_WARN_DOCUMENTATION_COMMENTS = YES;
				CLANG_WARN_EMPTY_BODY = YES;
				CLANG_WARN_ENUM_CONVERSION = YES;
				CLANG_WARN_INFINITE_RECURSION = YES;
				CLANG_WARN_INT_CONVERSION = YES;
				CLANG_WARN_NON_LITERAL_NULL_CONVERSION = YES;
				CLANG_WARN_OBJC_LITERAL_CONVERSION = YES;
				CLANG_WARN_OBJC_ROOT_CLASS = YES_ERROR;
				CLANG_WARN_RANGE_LOOP_ANALYSIS = YES;
				CLANG_WARN_STRICT_PROTOTYPES = YES;
				CLANG_WARN_SUSPICIOUS_MOVE = YES;
				CLANG_WARN_UNGUARDED_AVAILABILITY = YES_AGGRESSIVE;
				CLANG_WARN_UNREACHABLE_CODE = YES;
				CLANG_WARN__DUPLICATE_METHOD_MATCH = YES;
				CODE_SIGN_IDENTITY = "iPhone Developer";
				COPY_PHASE_STRIP = NO;
				DEBUG_INFORMATION_FORMAT = "dwarf-with-dsym";
				ENABLE_NS_ASSERTIONS = NO;
				ENABLE_STRICT_OBJC_MSGSEND = YES;
				GCC_C_LANGUAGE_STANDARD = gnu11;
				GCC_NO_COMMON_BLOCKS = YES;
				GCC_WARN_64_TO_32_BIT_CONVERSION = YES;
				GCC_WARN_ABOUT_RETURN_TYPE = YES_ERROR;
				GCC_WARN_UNDECLARED_SELECTOR = YES;
				GCC_WARN_UNINITIALIZED_AUTOS = YES_AGGRESSIVE;
				GCC_WARN_UNUSED_FUNCTION = YES;
				GCC_WARN_UNUSED_VARIABLE = YES;
				IPHONEOS_DEPLOYMENT_TARGET = 11.2;
				MTL_ENABLE_DEBUG_INFO = NO;
				SDKROOT = iphoneos;
				SWIFT_OPTIMIZATION_LEVEL = "-Owholemodule";
				VALIDATE_PRODUCT = YES;
			};
			name = Release;
		};
		14384CF3203A405600F4F475 /* Debug */ = {
			isa = XCBuildConfiguration;
			buildSettings = {
				ASSETCATALOG_COMPILER_APPICON_NAME = AppIcon;
				CLANG_ENABLE_MODULES = YES;
				CODE_SIGN_STYLE = Automatic;
				DEVELOPMENT_TEAM = 72S993BNAV;
				INFOPLIST_FILE = "Camera+IOSurfaceCapture/Info.plist";
				LD_RUNPATH_SEARCH_PATHS = "$(inherited) @executable_path/Frameworks";
				PRODUCT_BUNDLE_IDENTIFIER = "com.andrewfinke.Camera-IOSurfaceCapture";
				PRODUCT_NAME = "$(TARGET_NAME)";
				SWIFT_OBJC_BRIDGING_HEADER = "Camera+IOSurfaceCapture/Camera+IOSurfaceCapture-Bridging-Header.h";
				SWIFT_OPTIMIZATION_LEVEL = "-Onone";
				SWIFT_VERSION = 4.0;
				TARGETED_DEVICE_FAMILY = "1,2";
			};
			name = Debug;
		};
		14384CF4203A405600F4F475 /* Release */ = {
			isa = XCBuildConfiguration;
			buildSettings = {
				ASSETCATALOG_COMPILER_APPICON_NAME = AppIcon;
				CLANG_ENABLE_MODULES = YES;
				CODE_SIGN_STYLE = Automatic;
				DEVELOPMENT_TEAM = 72S993BNAV;
				INFOPLIST_FILE = "Camera+IOSurfaceCapture/Info.plist";
				LD_RUNPATH_SEARCH_PATHS = "$(inherited) @executable_path/Frameworks";
				PRODUCT_BUNDLE_IDENTIFIER = "com.andrewfinke.Camera-IOSurfaceCapture";
				PRODUCT_NAME = "$(TARGET_NAME)";
				SWIFT_OBJC_BRIDGING_HEADER = "Camera+IOSurfaceCapture/Camera+IOSurfaceCapture-Bridging-Header.h";
				SWIFT_VERSION = 4.0;
				TARGETED_DEVICE_FAMILY = "1,2";
			};
			name = Release;
		};
/* End XCBuildConfiguration section */

/* Begin XCConfigurationList section */
		14384CDB203A405600F4F475 /* Build configuration list for PBXProject "Camera+IOSurfaceCapture" */ = {
			isa = XCConfigurationList;
			buildConfigurations = (
				14384CF0203A405600F4F475 /* Debug */,
				14384CF1203A405600F4F475 /* Release */,
			);
			defaultConfigurationIsVisible = 0;
			defaultConfigurationName = Release;
		};
		14384CF2203A405600F4F475 /* Build configuration list for PBXNativeTarget "Camera+IOSurfaceCapture" */ = {
			isa = XCConfigurationList;
			buildConfigurations = (
				14384CF3203A405600F4F475 /* Debug */,
				14384CF4203A405600F4F475 /* Release */,
			);
			defaultConfigurationIsVisible = 0;
			defaultConfigurationName = Release;
		};
/* End XCConfigurationList section */
	};
	rootObject = 14384CD8203A405600F4F475 /* Project object */;
}
